Microsoft Visual Studio Solution File, Format Version 12.00
# Visual Studio 15
VisualStudioVersion = 15.0.27004.2005
MinimumVisualStudioVersion = 15.0.26124.0
Project("{2150E333-8FDC-42A3-9474-1A3956D46DE8}") = "src", "src", "{07C3BA2C-E5A3-412C-9D32-5FCFB55E4DC6}"
EndProject
Project("{9A19103F-16F7-4668-BE54-9A1E7A4F7556}") = "Identity.Clients", "src\Identity.Clients\Identity.Clients.csproj", "{272D8050-A606-4F7E-8446-79D7B8925BAA}"
EndProject
Project("{2150E333-8FDC-42A3-9474-1A3956D46DE8}") = "test", "test", "{968534E0-AE0E-46B9-AB63-7B2B7354E0CA}"
EndProject
Project("{9A19103F-16F7-4668-BE54-9A1E7A4F7556}") = "Identity.Clients.Tests", "test\Identity.Clients.Tests\Identity.Clients.Tests.csproj", "{6ABEBBE5-2F13-443C-9096-67578136B222}"
EndProject
Project("{9A19103F-16F7-4668-BE54-9A1E7A4F7556}") = "Identity.Accounts", "src\Identity.Accounts\Identity.Accounts.csproj", "{6A4E12B0-BB2E-4325-B884-E771CD71396A}"
EndProject
Project("{9A19103F-16F7-4668-BE54-9A1E7A4F7556}") = "Identity.Accounts.Tests", "test\Identity.Accounts.Test\Identity.Accounts.Tests.csproj", "{A0BE9EC2-6438-4748-ADFE-0BB31C4657E7}"
EndProject
Project("{9A19103F-16F7-4668-BE54-9A1E7A4F7556}") = "IdentityServer", "src\IdentityServer\IdentityServer.csproj", "{11E569B3-9534-47FE-87D8-594DC945AFE8}"
EndProject
Project("{FAE04EC0-301F-11D3-BF4B-00C04F79EFBC}") = "TotpCLient", "test\TotpCLient\TotpCLient.csproj", "{34AAE957-01E3-4D6B-8ECD-9C9C29544BBA}"
EndProject
Global
	GlobalSection(SolutionConfigurationPlatforms) = preSolution
		Debug|Any CPU = Debug|Any CPU
		Debug|x64 = Debug|x64
		Debug|x86 = Debug|x86
		Release|Any CPU = Release|Any CPU
		Release|x64 = Release|x64
		Release|x86 = Release|x86
	EndGlobalSection
	GlobalSection(ProjectConfigurationPlatforms) = postSolution
		{272D8050-A606-4F7E-8446-79D7B8925BAA}.Debug|Any CPU.ActiveCfg = Debug|Any CPU
		{272D8050-A606-4F7E-8446-79D7B8925BAA}.Debug|Any CPU.Build.0 = Debug|Any CPU
		{272D8050-A606-4F7E-8446-79D7B8925BAA}.Debug|x64.ActiveCfg = Debug|Any CPU
		{272D8050-A606-4F7E-8446-79D7B8925BAA}.Debug|x64.Build.0 = Debug|Any CPU
		{272D8050-A606-4F7E-8446-79D7B8925BAA}.Debug|x86.ActiveCfg = Debug|Any CPU
		{272D8050-A606-4F7E-8446-79D7B8925BAA}.Debug|x86.Build.0 = Debug|Any CPU
		{272D8050-A606-4F7E-8446-79D7B8925BAA}.Release|Any CPU.ActiveCfg = Release|Any CPU
		{272D8050-A606-4F7E-8446-79D7B8925BAA}.Release|Any CPU.Build.0 = Release|Any CPU
		{272D8050-A606-4F7E-8446-79D7B8925BAA}.Release|x64.ActiveCfg = Release|Any CPU
		{272D8050-A606-4F7E-8446-79D7B8925BAA}.Release|x64.Build.0 = Release|Any CPU
		{272D8050-A606-4F7E-8446-79D7B8925BAA}.Release|x86.ActiveCfg = Release|Any CPU
		{272D8050-A606-4F7E-8446-79D7B8925BAA}.Release|x86.Build.0 = Release|Any CPU
		{6ABEBBE5-2F13-443C-9096-67578136B222}.Debug|Any CPU.ActiveCfg = Debug|Any CPU
		{6ABEBBE5-2F13-443C-9096-67578136B222}.Debug|Any CPU.Build.0 = Debug|Any CPU
		{6ABEBBE5-2F13-443C-9096-67578136B222}.Debug|x64.ActiveCfg = Debug|Any CPU
		{6ABEBBE5-2F13-443C-9096-67578136B222}.Debug|x64.Build.0 = Debug|Any CPU
		{6ABEBBE5-2F13-443C-9096-67578136B222}.Debug|x86.ActiveCfg = Debug|Any CPU
		{6ABEBBE5-2F13-443C-9096-67578136B222}.Debug|x86.Build.0 = Debug|Any CPU
		{6ABEBBE5-2F13-443C-9096-67578136B222}.Release|Any CPU.ActiveCfg = Release|Any CPU
		{6ABEBBE5-2F13-443C-9096-67578136B222}.Release|Any CPU.Build.0 = Release|Any CPU
		{6ABEBBE5-2F13-443C-9096-67578136B222}.Release|x64.ActiveCfg = Release|Any CPU
		{6ABEBBE5-2F13-443C-9096-67578136B222}.Release|x64.Build.0 = Release|Any CPU
		{6ABEBBE5-2F13-443C-9096-67578136B222}.Release|x86.ActiveCfg = Release|Any CPU
		{6ABEBBE5-2F13-443C-9096-67578136B222}.Release|x86.Build.0 = Release|Any CPU
		{6A4E12B0-BB2E-4325-B884-E771CD71396A}.Debug|Any CPU.ActiveCfg = Debug|Any CPU
		{6A4E12B0-BB2E-4325-B884-E771CD71396A}.Debug|Any CPU.Build.0 = Debug|Any CPU
		{6A4E12B0-BB2E-4325-B884-E771CD71396A}.Debug|x64.ActiveCfg = Debug|Any CPU
		{6A4E12B0-BB2E-4325-B884-E771CD71396A}.Debug|x64.Build.0 = Debug|Any CPU
		{6A4E12B0-BB2E-4325-B884-E771CD71396A}.Debug|x86.ActiveCfg = Debug|Any CPU
		{6A4E12B0-BB2E-4325-B884-E771CD71396A}.Debug|x86.Build.0 = Debug|Any CPU
		{6A4E12B0-BB2E-4325-B884-E771CD71396A}.Release|Any CPU.ActiveCfg = Release|Any CPU
		{6A4E12B0-BB2E-4325-B884-E771CD71396A}.Release|Any CPU.Build.0 = Release|Any CPU
		{6A4E12B0-BB2E-4325-B884-E771CD71396A}.Release|x64.ActiveCfg = Release|Any CPU
		{6A4E12B0-BB2E-4325-B884-E771CD71396A}.Release|x64.Build.0 = Release|Any CPU
		{6A4E12B0-BB2E-4325-B884-E771CD71396A}.Release|x86.ActiveCfg = Release|Any CPU
		{6A4E12B0-BB2E-4325-B884-E771CD71396A}.Release|x86.Build.0 = Release|Any CPU
		{A0BE9EC2-6438-4748-ADFE-0BB31C4657E7}.Debug|Any CPU.ActiveCfg = Debug|Any CPU
		{A0BE9EC2-6438-4748-ADFE-0BB31C4657E7}.Debug|Any CPU.Build.0 = Debug|Any CPU
		{A0BE9EC2-6438-4748-ADFE-0BB31C4657E7}.Debug|x64.ActiveCfg = Debug|Any CPU
		{A0BE9EC2-6438-4748-ADFE-0BB31C4657E7}.Debug|x64.Build.0 = Debug|Any CPU
		{A0BE9EC2-6438-4748-ADFE-0BB31C4657E7}.Debug|x86.ActiveCfg = Debug|Any CPU
		{A0BE9EC2-6438-4748-ADFE-0BB31C4657E7}.Debug|x86.Build.0 = Debug|Any CPU
		{A0BE9EC2-6438-4748-ADFE-0BB31C4657E7}.Release|Any CPU.ActiveCfg = Release|Any CPU
		{A0BE9EC2-6438-4748-ADFE-0BB31C4657E7}.Release|Any CPU.Build.0 = Release|Any CPU
		{A0BE9EC2-6438-4748-ADFE-0BB31C4657E7}.Release|x64.ActiveCfg = Release|Any CPU
		{A0BE9EC2-6438-4748-ADFE-0BB31C4657E7}.Release|x64.Build.0 = Release|Any CPU
		{A0BE9EC2-6438-4748-ADFE-0BB31C4657E7}.Release|x86.ActiveCfg = Release|Any CPU
		{A0BE9EC2-6438-4748-ADFE-0BB31C4657E7}.Release|x86.Build.0 = Release|Any CPU
		{11E569B3-9534-47FE-87D8-594DC945AFE8}.Debug|Any CPU.ActiveCfg = Debug|Any CPU
		{11E569B3-9534-47FE-87D8-594DC945AFE8}.Debug|Any CPU.Build.0 = Debug|Any CPU
		{11E569B3-9534-47FE-87D8-594DC945AFE8}.Debug|x64.ActiveCfg = Debug|Any CPU
		{11E569B3-9534-47FE-87D8-594DC945AFE8}.Debug|x64.Build.0 = Debug|Any CPU
		{11E569B3-9534-47FE-87D8-594DC945AFE8}.Debug|x86.ActiveCfg = Debug|Any CPU
		{11E569B3-9534-47FE-87D8-594DC945AFE8}.Debug|x86.Build.0 = Debug|Any CPU
		{11E569B3-9534-47FE-87D8-594DC945AFE8}.Release|Any CPU.ActiveCfg = Release|Any CPU
		{11E569B3-9534-47FE-87D8-594DC945AFE8}.Release|Any CPU.Build.0 = Release|Any CPU
		{11E569B3-9534-47FE-87D8-594DC945AFE8}.Release|x64.ActiveCfg = Release|Any CPU
		{11E569B3-9534-47FE-87D8-594DC945AFE8}.Release|x64.Build.0 = Release|Any CPU
		{11E569B3-9534-47FE-87D8-594DC945AFE8}.Release|x86.ActiveCfg = Release|Any CPU
		{11E569B3-9534-47FE-87D8-594DC945AFE8}.Release|x86.Build.0 = Release|Any CPU
		{34AAE957-01E3-4D6B-8ECD-9C9C29544BBA}.Debug|Any CPU.ActiveCfg = Debug|Any CPU
		{34AAE957-01E3-4D6B-8ECD-9C9C29544BBA}.Debug|Any CPU.Build.0 = Debug|Any CPU
		{34AAE957-01E3-4D6B-8ECD-9C9C29544BBA}.Debug|x64.ActiveCfg = Debug|Any CPU
		{34AAE957-01E3-4D6B-8ECD-9C9C29544BBA}.Debug|x64.Build.0 = Debug|Any CPU
		{34AAE957-01E3-4D6B-8ECD-9C9C29544BBA}.Debug|x86.ActiveCfg = Debug|Any CPU
		{34AAE957-01E3-4D6B-8ECD-9C9C29544BBA}.Debug|x86.Build.0 = Debug|Any CPU
		{34AAE957-01E3-4D6B-8ECD-9C9C29544BBA}.Release|Any CPU.ActiveCfg = Release|Any CPU
		{34AAE957-01E3-4D6B-8ECD-9C9C29544BBA}.Release|Any CPU.Build.0 = Release|Any CPU
		{34AAE957-01E3-4D6B-8ECD-9C9C29544BBA}.Release|x64.ActiveCfg = Release|Any CPU
		{34AAE957-01E3-4D6B-8ECD-9C9C29544BBA}.Release|x64.Build.0 = Release|Any CPU
		{34AAE957-01E3-4D6B-8ECD-9C9C29544BBA}.Release|x86.ActiveCfg = Release|Any CPU
		{34AAE957-01E3-4D6B-8ECD-9C9C29544BBA}.Release|x86.Build.0 = Release|Any CPU
	EndGlobalSection
	GlobalSection(SolutionProperties) = preSolution
		HideSolutionNode = FALSE
	EndGlobalSection
	GlobalSection(NestedProjects) = preSolution
		{272D8050-A606-4F7E-8446-79D7B8925BAA} = {07C3BA2C-E5A3-412C-9D32-5FCFB55E4DC6}
		{6ABEBBE5-2F13-443C-9096-67578136B222} = {968534E0-AE0E-46B9-AB63-7B2B7354E0CA}
		{6A4E12B0-BB2E-4325-B884-E771CD71396A} = {07C3BA2C-E5A3-412C-9D32-5FCFB55E4DC6}
		{A0BE9EC2-6438-4748-ADFE-0BB31C4657E7} = {968534E0-AE0E-46B9-AB63-7B2B7354E0CA}
		{11E569B3-9534-47FE-87D8-594DC945AFE8} = {07C3BA2C-E5A3-412C-9D32-5FCFB55E4DC6}
		{34AAE957-01E3-4D6B-8ECD-9C9C29544BBA} = {968534E0-AE0E-46B9-AB63-7B2B7354E0CA}
	EndGlobalSection
	GlobalSection(ExtensibilityGlobals) = postSolution
		SolutionGuid = {33CDFCD1-A27C-4338-BE2C-C9EC0E40F936}
	EndGlobalSection
EndGlobal
